
Microsoft Visual Studio Solution File, Format Version 12.00
# Visual Studio Version 16
VisualStudioVersion = 16.0.32413.511
MinimumVisualStudioVersion = 10.0.40219.1
Project("{FAE04EC0-301F-11D3-BF4B-00C04F79EFBC}") = "SimuladorDeAgustinMaglione", "SimuladorDeAgustinMaglione\SimuladorDeAgustinMaglione.csproj", "{956F9CEF-F97F-4A8C-BACA-E4BF78792361}"
EndProject
Global
	GlobalSection(SolutionConfigurationPlatforms) = preSolution
		Debug|Any CPU = Debug|Any CPU
		Release|Any CPU = Release|Any CPU
	EndGlobalSection
	GlobalSection(ProjectConfigurationPlatforms) = postSolution
		{956F9CEF-F97F-4A8C-BACA-E4BF78792361}.Debug|Any CPU.ActiveCfg = Debug|Any CPU
		{956F9CEF-F97F-4A8C-BACA-E4BF78792361}.Debug|Any CPU.Build.0 = Debug|Any CPU
		{956F9CEF-F97F-4A8C-BACA-E4BF78792361}.Release|Any CPU.ActiveCfg = Release|Any CPU
		{956F9CEF-F97F-4A8C-BACA-E4BF78792361}.Release|Any CPU.Build.0 = Release|Any CPU
	EndGlobalSection
	GlobalSection(SolutionProperties) = preSolution
		HideSolutionNode = FALSE
	EndGlobalSection
	GlobalSection(ExtensibilityGlobals) = postSolution
		SolutionGuid = {CD6EFBA1-345F-475C-B3E3-065692C9DD7C}
	EndGlobalSection
EndGlobal
